
Microsoft Visual Studio Solution File, Format Version 12.00
# Visual Studio Version 16
VisualStudioVersion = 16.0.30804.86
MinimumVisualStudioVersion = 10.0.40219.1
Project("{FAE04EC0-301F-11D3-BF4B-00C04F79EFBC}") = "WebApplication16", "WebApplication16\WebApplication16.csproj", "{F409E5E7-6962-41FC-94CF-130372E9CA9C}"
EndProject
Global
	GlobalSection(SolutionConfigurationPlatforms) = preSolution
		Debug|Any CPU = Debug|Any CPU
		Release|Any CPU = Release|Any CPU
	EndGlobalSection
	GlobalSection(ProjectConfigurationPlatforms) = postSolution
		{F409E5E7-6962-41FC-94CF-130372E9CA9C}.Debug|Any CPU.ActiveCfg = Debug|Any CPU
		{F409E5E7-6962-41FC-94CF-130372E9CA9C}.Debug|Any CPU.Build.0 = Debug|Any CPU
		{F409E5E7-6962-41FC-94CF-130372E9CA9C}.Release|Any CPU.ActiveCfg = Release|Any CPU
		{F409E5E7-6962-41FC-94CF-130372E9CA9C}.Release|Any CPU.Build.0 = Release|Any CPU
	EndGlobalSection
	GlobalSection(SolutionProperties) = preSolution
		HideSolutionNode = FALSE
	EndGlobalSection
	GlobalSection(ExtensibilityGlobals) = postSolution
		SolutionGuid = {F7BAF610-ED54-4A83-8B6B-BF90C3926168}
	EndGlobalSection
EndGlobal
